
Microsoft Visual Studio Solution File, Format Version 12.00
# Visual Studio 15
VisualStudioVersion = 15.0.28010.2046
MinimumVisualStudioVersion = 10.0.40219.1
Project("{FAE04EC0-301F-11D3-BF4B-00C04F79EFBC}") = "WebApi", "..\WebApi\WebApi.csproj", "{92B601A8-6C93-4883-B998-E856D3FD1060}"
EndProject
Global
	GlobalSection(SolutionConfigurationPlatforms) = preSolution
		Debug|Any CPU = Debug|Any CPU
		Release|Any CPU = Release|Any CPU
	EndGlobalSection
	GlobalSection(ProjectConfigurationPlatforms) = postSolution
		{92B601A8-6C93-4883-B998-E856D3FD1060}.Debug|Any CPU.ActiveCfg = Debug|Any CPU
		{92B601A8-6C93-4883-B998-E856D3FD1060}.Debug|Any CPU.Build.0 = Debug|Any CPU
		{92B601A8-6C93-4883-B998-E856D3FD1060}.Release|Any CPU.ActiveCfg = Release|Any CPU
		{92B601A8-6C93-4883-B998-E856D3FD1060}.Release|Any CPU.Build.0 = Release|Any CPU
	EndGlobalSection
	GlobalSection(SolutionProperties) = preSolution
		HideSolutionNode = FALSE
	EndGlobalSection
	GlobalSection(ExtensibilityGlobals) = postSolution
		SolutionGuid = {BEF986BF-415F-4370-870D-A6EBD089F362}
	EndGlobalSection
EndGlobal
